
Microsoft Visual Studio Solution File, Format Version 12.00
# Visual Studio Version 17
VisualStudioVersion = 17.2.32526.322
MinimumVisualStudioVersion = 10.0.40219.1
Project("{FAE04EC0-301F-11D3-BF4B-00C04F79EFBC}") = "RAWFileReader", "RAWFileReader\RAWFileReader.csproj", "{8C35FE93-159E-48C7-91BF-EC3B04AF294A}"
EndProject
Global
	GlobalSection(SolutionConfigurationPlatforms) = preSolution
		Debug|Any CPU = Debug|Any CPU
		Release|Any CPU = Release|Any CPU
	EndGlobalSection
	GlobalSection(ProjectConfigurationPlatforms) = postSolution
		{8C35FE93-159E-48C7-91BF-EC3B04AF294A}.Debug|Any CPU.ActiveCfg = Debug|Any CPU
		{8C35FE93-159E-48C7-91BF-EC3B04AF294A}.Debug|Any CPU.Build.0 = Debug|Any CPU
		{8C35FE93-159E-48C7-91BF-EC3B04AF294A}.Release|Any CPU.ActiveCfg = Release|Any CPU
		{8C35FE93-159E-48C7-91BF-EC3B04AF294A}.Release|Any CPU.Build.0 = Release|Any CPU
	EndGlobalSection
	GlobalSection(SolutionProperties) = preSolution
		HideSolutionNode = FALSE
	EndGlobalSection
	GlobalSection(ExtensibilityGlobals) = postSolution
		SolutionGuid = {14F83DA0-B2C9-472B-8569-9818ACFF942C}
	EndGlobalSection
EndGlobal
